# This file is generated by running "yarn install" inside your project.
# Manual changes might be lost - proceed with caution!

__metadata:
  version: 4
  cacheKey: 7

"csv-parse@npm:^4.12.0":
  version: 4.12.0
  resolution: "csv-parse@npm:4.12.0"
  checksum: ed6d90b1a600b24d151f01aa0bd822bc1eea61874ec4546c3afe87e22f2f462f0839527d5d67f556dbb29b1623ad947b53761ec9c3d739b949a8e2af3d32200c
  languageName: node
  linkType: hard

"rank-choice@workspace:.":
  version: 0.0.0-use.local
  resolution: "rank-choice@workspace:."
  dependencies:
    csv-parse: ^4.12.0
  languageName: unknown
  linkType: soft
